
Microsoft Visual Studio Solution File, Format Version 11.00
# Visual Studio 2010
Project("{FAE04EC0-301F-11D3-BF4B-00C04F79EFBC}") = "GameTheory.SpragueGrundy", "GameTheory.SpragueGrundy\GameTheory.SpragueGrundy.csproj", "{D30BB148-B69F-464E-A803-196E58BD8314}"
EndProject
Project("{FAE04EC0-301F-11D3-BF4B-00C04F79EFBC}") = "GameTheory.UI", "GameTheory.UI\GameTheory.UI.csproj", "{FB95E5A8-AB9A-4E2F-8C2A-662B2C96A773}"
EndProject
Global
	GlobalSection(SolutionConfigurationPlatforms) = preSolution
		Debug|x86 = Debug|x86
		Release|x86 = Release|x86
	EndGlobalSection
	GlobalSection(ProjectConfigurationPlatforms) = postSolution
		{D30BB148-B69F-464E-A803-196E58BD8314}.Debug|x86.ActiveCfg = Debug|x86
		{D30BB148-B69F-464E-A803-196E58BD8314}.Debug|x86.Build.0 = Debug|x86
		{D30BB148-B69F-464E-A803-196E58BD8314}.Release|x86.ActiveCfg = Release|x86
		{D30BB148-B69F-464E-A803-196E58BD8314}.Release|x86.Build.0 = Release|x86
		{FB95E5A8-AB9A-4E2F-8C2A-662B2C96A773}.Debug|x86.ActiveCfg = Debug|x86
		{FB95E5A8-AB9A-4E2F-8C2A-662B2C96A773}.Debug|x86.Build.0 = Debug|x86
		{FB95E5A8-AB9A-4E2F-8C2A-662B2C96A773}.Release|x86.ActiveCfg = Release|x86
		{FB95E5A8-AB9A-4E2F-8C2A-662B2C96A773}.Release|x86.Build.0 = Release|x86
	EndGlobalSection
	GlobalSection(SolutionProperties) = preSolution
		HideSolutionNode = FALSE
	EndGlobalSection
EndGlobal
